{
  "pins" : [
    {
      "identity" : "core-web-browser",
      "kind" : "remoteSourceControl",
      "location" : "git@github.com:mauriciomaniglia/core-web-browser.git",
      "state" : {
        "branch" : "main",
        "revision" : "8faa49ee780063dd597f306a9248943a05dc6f53"
      }
    }
  ],
  "version" : 2
}
