{
  "pins" : [
    {
      "identity" : "core-web-browser",
      "kind" : "remoteSourceControl",
      "location" : "git@github.com:mauriciomaniglia/core-web-browser.git",
      "state" : {
        "branch" : "main",
        "revision" : "3b226c718e01ae0132d62352ebc9c64c9e2151a3"
      }
    }
  ],
  "version" : 2
}
