// !$*UTF8*$!
{
	archiveVersion = 1;
	classes = {
	};
	objectVersion = 55;
	objects = {

/* Begin PBXBuildFile section */
		F917D1FF2969B86700123CE7 /* SearchBarView.swift in Sources */ = {isa = PBXBuildFile; fileRef = F917D1FE2969B86700123CE7 /* SearchBarView.swift */; };
		F91E692C28C6B61500E27F5A /* AppDelegate.swift in Sources */ = {isa = PBXBuildFile; fileRef = F91E692B28C6B61500E27F5A /* AppDelegate.swift */; };
		F91E692E28C6B61500E27F5A /* SceneDelegate.swift in Sources */ = {isa = PBXBuildFile; fileRef = F91E692D28C6B61500E27F5A /* SceneDelegate.swift */; };
		F91E693528C6B61700E27F5A /* Assets.xcassets in Resources */ = {isa = PBXBuildFile; fileRef = F91E693428C6B61700E27F5A /* Assets.xcassets */; };
		F91E693828C6B61700E27F5A /* LaunchScreen.storyboard in Resources */ = {isa = PBXBuildFile; fileRef = F91E693628C6B61700E27F5A /* LaunchScreen.storyboard */; };
		F91E694D28C6B61700E27F5A /* ios_web_browserUITests.swift in Sources */ = {isa = PBXBuildFile; fileRef = F91E694C28C6B61700E27F5A /* ios_web_browserUITests.swift */; };
		F91E694F28C6B61700E27F5A /* ios_web_browserUITestsLaunchTests.swift in Sources */ = {isa = PBXBuildFile; fileRef = F91E694E28C6B61700E27F5A /* ios_web_browserUITestsLaunchTests.swift */; };
		F96D12C72969B012007CA99F /* WindowView.swift in Sources */ = {isa = PBXBuildFile; fileRef = F96D12C62969B012007CA99F /* WindowView.swift */; };
		F976087929D8EC9300C603AB /* core-web-browser in Frameworks */ = {isa = PBXBuildFile; productRef = F976087829D8EC9300C603AB /* core-web-browser */; };
		F991909C28D3546D0001E6B7 /* WindowViewTests.swift in Sources */ = {isa = PBXBuildFile; fileRef = F991909B28D3546D0001E6B7 /* WindowViewTests.swift */; };
		F9A21D13296B0AA9003237E5 /* WindowComposer.swift in Sources */ = {isa = PBXBuildFile; fileRef = F9A21D12296B0AA9003237E5 /* WindowComposer.swift */; };
		F9A21D17296B968C003237E5 /* NavigationBarView.swift in Sources */ = {isa = PBXBuildFile; fileRef = F9A21D16296B968C003237E5 /* NavigationBarView.swift */; };
/* End PBXBuildFile section */

/* Begin PBXContainerItemProxy section */
		F91E693F28C6B61700E27F5A /* PBXContainerItemProxy */ = {
			isa = PBXContainerItemProxy;
			containerPortal = F91E692028C6B61500E27F5A /* Project object */;
			proxyType = 1;
			remoteGlobalIDString = F91E692728C6B61500E27F5A;
			remoteInfo = "ios-web-browser";
		};
		F91E694928C6B61700E27F5A /* PBXContainerItemProxy */ = {
			isa = PBXContainerItemProxy;
			containerPortal = F91E692028C6B61500E27F5A /* Project object */;
			proxyType = 1;
			remoteGlobalIDString = F91E692728C6B61500E27F5A;
			remoteInfo = "ios-web-browser";
		};
/* End PBXContainerItemProxy section */

/* Begin PBXFileReference section */
		F917D1FE2969B86700123CE7 /* SearchBarView.swift */ = {isa = PBXFileReference; lastKnownFileType = sourcecode.swift; path = SearchBarView.swift; sourceTree = "<group>"; };
		F91E692828C6B61500E27F5A /* ios-web-browser.app */ = {isa = PBXFileReference; explicitFileType = wrapper.application; includeInIndex = 0; path = "ios-web-browser.app"; sourceTree = BUILT_PRODUCTS_DIR; };
		F91E692B28C6B61500E27F5A /* AppDelegate.swift */ = {isa = PBXFileReference; lastKnownFileType = sourcecode.swift; path = AppDelegate.swift; sourceTree = "<group>"; };
		F91E692D28C6B61500E27F5A /* SceneDelegate.swift */ = {isa = PBXFileReference; lastKnownFileType = sourcecode.swift; path = SceneDelegate.swift; sourceTree = "<group>"; };
		F91E693428C6B61700E27F5A /* Assets.xcassets */ = {isa = PBXFileReference; lastKnownFileType = folder.assetcatalog; path = Assets.xcassets; sourceTree = "<group>"; };
		F91E693728C6B61700E27F5A /* Base */ = {isa = PBXFileReference; lastKnownFileType = file.storyboard; name = Base; path = Base.lproj/LaunchScreen.storyboard; sourceTree = "<group>"; };
		F91E693928C6B61700E27F5A /* Info.plist */ = {isa = PBXFileReference; lastKnownFileType = text.plist.xml; path = Info.plist; sourceTree = "<group>"; };
		F91E693E28C6B61700E27F5A /* ios-web-browserTests.xctest */ = {isa = PBXFileReference; explicitFileType = wrapper.cfbundle; includeInIndex = 0; path = "ios-web-browserTests.xctest"; sourceTree = BUILT_PRODUCTS_DIR; };
		F91E694828C6B61700E27F5A /* ios-web-browserUITests.xctest */ = {isa = PBXFileReference; explicitFileType = wrapper.cfbundle; includeInIndex = 0; path = "ios-web-browserUITests.xctest"; sourceTree = BUILT_PRODUCTS_DIR; };
		F91E694C28C6B61700E27F5A /* ios_web_browserUITests.swift */ = {isa = PBXFileReference; lastKnownFileType = sourcecode.swift; path = ios_web_browserUITests.swift; sourceTree = "<group>"; };
		F91E694E28C6B61700E27F5A /* ios_web_browserUITestsLaunchTests.swift */ = {isa = PBXFileReference; lastKnownFileType = sourcecode.swift; path = ios_web_browserUITestsLaunchTests.swift; sourceTree = "<group>"; };
		F96D12C62969B012007CA99F /* WindowView.swift */ = {isa = PBXFileReference; lastKnownFileType = sourcecode.swift; path = WindowView.swift; sourceTree = "<group>"; };
		F991909B28D3546D0001E6B7 /* WindowViewTests.swift */ = {isa = PBXFileReference; lastKnownFileType = sourcecode.swift; path = WindowViewTests.swift; sourceTree = "<group>"; };
		F9A21D12296B0AA9003237E5 /* WindowComposer.swift */ = {isa = PBXFileReference; lastKnownFileType = sourcecode.swift; path = WindowComposer.swift; sourceTree = "<group>"; };
		F9A21D16296B968C003237E5 /* NavigationBarView.swift */ = {isa = PBXFileReference; lastKnownFileType = sourcecode.swift; path = NavigationBarView.swift; sourceTree = "<group>"; };
/* End PBXFileReference section */

/* Begin PBXFrameworksBuildPhase section */
		F91E692528C6B61500E27F5A /* Frameworks */ = {
			isa = PBXFrameworksBuildPhase;
			buildActionMask = 2147483647;
			files = (
				F976087929D8EC9300C603AB /* core-web-browser in Frameworks */,
			);
			runOnlyForDeploymentPostprocessing = 0;
		};
		F91E693B28C6B61700E27F5A /* Frameworks */ = {
			isa = PBXFrameworksBuildPhase;
			buildActionMask = 2147483647;
			files = (
			);
			runOnlyForDeploymentPostprocessing = 0;
		};
		F91E694528C6B61700E27F5A /* Frameworks */ = {
			isa = PBXFrameworksBuildPhase;
			buildActionMask = 2147483647;
			files = (
			);
			runOnlyForDeploymentPostprocessing = 0;
		};
/* End PBXFrameworksBuildPhase section */

/* Begin PBXGroup section */
		F917D1FD2969B7B300123CE7 /* Window */ = {
			isa = PBXGroup;
			children = (
				F93065A42981F74E0015D757 /* Composition */,
				F93065A32981F7470015D757 /* Views */,
			);
			path = Window;
			sourceTree = "<group>";
		};
		F91E691F28C6B61500E27F5A = {
			isa = PBXGroup;
			children = (
				F91E692A28C6B61500E27F5A /* ios-web-browser */,
				F91E694128C6B61700E27F5A /* ios-web-browserTests */,
				F91E694B28C6B61700E27F5A /* ios-web-browserUITests */,
				F91E692928C6B61500E27F5A /* Products */,
			);
			sourceTree = "<group>";
		};
		F91E692928C6B61500E27F5A /* Products */ = {
			isa = PBXGroup;
			children = (
				F91E692828C6B61500E27F5A /* ios-web-browser.app */,
				F91E693E28C6B61700E27F5A /* ios-web-browserTests.xctest */,
				F91E694828C6B61700E27F5A /* ios-web-browserUITests.xctest */,
			);
			name = Products;
			sourceTree = "<group>";
		};
		F91E692A28C6B61500E27F5A /* ios-web-browser */ = {
			isa = PBXGroup;
			children = (
				F917D1FD2969B7B300123CE7 /* Window */,
				F972BCBD28D13C8500DEFDDF /* Resources */,
				F91E692B28C6B61500E27F5A /* AppDelegate.swift */,
				F91E692D28C6B61500E27F5A /* SceneDelegate.swift */,
				F91E693928C6B61700E27F5A /* Info.plist */,
			);
			path = "ios-web-browser";
			sourceTree = "<group>";
		};
		F91E694128C6B61700E27F5A /* ios-web-browserTests */ = {
			isa = PBXGroup;
			children = (
				F991909B28D3546D0001E6B7 /* WindowViewTests.swift */,
			);
			path = "ios-web-browserTests";
			sourceTree = "<group>";
		};
		F91E694B28C6B61700E27F5A /* ios-web-browserUITests */ = {
			isa = PBXGroup;
			children = (
				F91E694C28C6B61700E27F5A /* ios_web_browserUITests.swift */,
				F91E694E28C6B61700E27F5A /* ios_web_browserUITestsLaunchTests.swift */,
			);
			path = "ios-web-browserUITests";
			sourceTree = "<group>";
		};
		F93065A32981F7470015D757 /* Views */ = {
			isa = PBXGroup;
			children = (
				F96D12C62969B012007CA99F /* WindowView.swift */,
				F9A21D16296B968C003237E5 /* NavigationBarView.swift */,
				F917D1FE2969B86700123CE7 /* SearchBarView.swift */,
			);
			path = Views;
			sourceTree = "<group>";
		};
		F93065A42981F74E0015D757 /* Composition */ = {
			isa = PBXGroup;
			children = (
				F9A21D12296B0AA9003237E5 /* WindowComposer.swift */,
			);
			path = Composition;
			sourceTree = "<group>";
		};
		F972BCBD28D13C8500DEFDDF /* Resources */ = {
			isa = PBXGroup;
			children = (
				F91E693428C6B61700E27F5A /* Assets.xcassets */,
				F91E693628C6B61700E27F5A /* LaunchScreen.storyboard */,
			);
			path = Resources;
			sourceTree = "<group>";
		};
/* End PBXGroup section */

/* Begin PBXNativeTarget section */
		F91E692728C6B61500E27F5A /* ios-web-browser */ = {
			isa = PBXNativeTarget;
			buildConfigurationList = F91E695228C6B61700E27F5A /* Build configuration list for PBXNativeTarget "ios-web-browser" */;
			buildPhases = (
				F91E692428C6B61500E27F5A /* Sources */,
				F91E692528C6B61500E27F5A /* Frameworks */,
				F91E692628C6B61500E27F5A /* Resources */,
			);
			buildRules = (
			);
			dependencies = (
			);
			name = "ios-web-browser";
			packageProductDependencies = (
				F976087829D8EC9300C603AB /* core-web-browser */,
			);
			productName = "ios-web-browser";
			productReference = F91E692828C6B61500E27F5A /* ios-web-browser.app */;
			productType = "com.apple.product-type.application";
		};
		F91E693D28C6B61700E27F5A /* ios-web-browserTests */ = {
			isa = PBXNativeTarget;
			buildConfigurationList = F91E695528C6B61700E27F5A /* Build configuration list for PBXNativeTarget "ios-web-browserTests" */;
			buildPhases = (
				F91E693A28C6B61700E27F5A /* Sources */,
				F91E693B28C6B61700E27F5A /* Frameworks */,
				F91E693C28C6B61700E27F5A /* Resources */,
			);
			buildRules = (
			);
			dependencies = (
				F91E694028C6B61700E27F5A /* PBXTargetDependency */,
			);
			name = "ios-web-browserTests";
			productName = "ios-web-browserTests";
			productReference = F91E693E28C6B61700E27F5A /* ios-web-browserTests.xctest */;
			productType = "com.apple.product-type.bundle.unit-test";
		};
		F91E694728C6B61700E27F5A /* ios-web-browserUITests */ = {
			isa = PBXNativeTarget;
			buildConfigurationList = F91E695828C6B61700E27F5A /* Build configuration list for PBXNativeTarget "ios-web-browserUITests" */;
			buildPhases = (
				F91E694428C6B61700E27F5A /* Sources */,
				F91E694528C6B61700E27F5A /* Frameworks */,
				F91E694628C6B61700E27F5A /* Resources */,
			);
			buildRules = (
			);
			dependencies = (
				F91E694A28C6B61700E27F5A /* PBXTargetDependency */,
			);
			name = "ios-web-browserUITests";
			productName = "ios-web-browserUITests";
			productReference = F91E694828C6B61700E27F5A /* ios-web-browserUITests.xctest */;
			productType = "com.apple.product-type.bundle.ui-testing";
		};
/* End PBXNativeTarget section */

/* Begin PBXProject section */
		F91E692028C6B61500E27F5A /* Project object */ = {
			isa = PBXProject;
			attributes = {
				BuildIndependentTargetsInParallel = 1;
				LastSwiftUpdateCheck = 1340;
				LastUpgradeCheck = 1340;
				TargetAttributes = {
					F91E692728C6B61500E27F5A = {
						CreatedOnToolsVersion = 13.4.1;
					};
					F91E693D28C6B61700E27F5A = {
						CreatedOnToolsVersion = 13.4.1;
						TestTargetID = F91E692728C6B61500E27F5A;
					};
					F91E694728C6B61700E27F5A = {
						CreatedOnToolsVersion = 13.4.1;
						TestTargetID = F91E692728C6B61500E27F5A;
					};
				};
			};
			buildConfigurationList = F91E692328C6B61500E27F5A /* Build configuration list for PBXProject "ios-web-browser" */;
			compatibilityVersion = "Xcode 13.0";
			developmentRegion = en;
			hasScannedForEncodings = 0;
			knownRegions = (
				en,
				Base,
			);
			mainGroup = F91E691F28C6B61500E27F5A;
			packageReferences = (
				F976087729D8EC9300C603AB /* XCRemoteSwiftPackageReference "core-web-browser" */,
			);
			productRefGroup = F91E692928C6B61500E27F5A /* Products */;
			projectDirPath = "";
			projectRoot = "";
			targets = (
				F91E692728C6B61500E27F5A /* ios-web-browser */,
				F91E693D28C6B61700E27F5A /* ios-web-browserTests */,
				F91E694728C6B61700E27F5A /* ios-web-browserUITests */,
			);
		};
/* End PBXProject section */

/* Begin PBXResourcesBuildPhase section */
		F91E692628C6B61500E27F5A /* Resources */ = {
			isa = PBXResourcesBuildPhase;
			buildActionMask = 2147483647;
			files = (
				F91E693828C6B61700E27F5A /* LaunchScreen.storyboard in Resources */,
				F91E693528C6B61700E27F5A /* Assets.xcassets in Resources */,
			);
			runOnlyForDeploymentPostprocessing = 0;
		};
		F91E693C28C6B61700E27F5A /* Resources */ = {
			isa = PBXResourcesBuildPhase;
			buildActionMask = 2147483647;
			files = (
			);
			runOnlyForDeploymentPostprocessing = 0;
		};
		F91E694628C6B61700E27F5A /* Resources */ = {
			isa = PBXResourcesBuildPhase;
			buildActionMask = 2147483647;
			files = (
			);
			runOnlyForDeploymentPostprocessing = 0;
		};
/* End PBXResourcesBuildPhase section */

/* Begin PBXSourcesBuildPhase section */
		F91E692428C6B61500E27F5A /* Sources */ = {
			isa = PBXSourcesBuildPhase;
			buildActionMask = 2147483647;
			files = (
				F917D1FF2969B86700123CE7 /* SearchBarView.swift in Sources */,
				F96D12C72969B012007CA99F /* WindowView.swift in Sources */,
				F9A21D17296B968C003237E5 /* NavigationBarView.swift in Sources */,
				F91E692C28C6B61500E27F5A /* AppDelegate.swift in Sources */,
				F9A21D13296B0AA9003237E5 /* WindowComposer.swift in Sources */,
				F91E692E28C6B61500E27F5A /* SceneDelegate.swift in Sources */,
			);
			runOnlyForDeploymentPostprocessing = 0;
		};
		F91E693A28C6B61700E27F5A /* Sources */ = {
			isa = PBXSourcesBuildPhase;
			buildActionMask = 2147483647;
			files = (
				F991909C28D3546D0001E6B7 /* WindowViewTests.swift in Sources */,
			);
			runOnlyForDeploymentPostprocessing = 0;
		};
		F91E694428C6B61700E27F5A /* Sources */ = {
			isa = PBXSourcesBuildPhase;
			buildActionMask = 2147483647;
			files = (
				F91E694F28C6B61700E27F5A /* ios_web_browserUITestsLaunchTests.swift in Sources */,
				F91E694D28C6B61700E27F5A /* ios_web_browserUITests.swift in Sources */,
			);
			runOnlyForDeploymentPostprocessing = 0;
		};
/* End PBXSourcesBuildPhase section */

/* Begin PBXTargetDependency section */
		F91E694028C6B61700E27F5A /* PBXTargetDependency */ = {
			isa = PBXTargetDependency;
			target = F91E692728C6B61500E27F5A /* ios-web-browser */;
			targetProxy = F91E693F28C6B61700E27F5A /* PBXContainerItemProxy */;
		};
		F91E694A28C6B61700E27F5A /* PBXTargetDependency */ = {
			isa = PBXTargetDependency;
			target = F91E692728C6B61500E27F5A /* ios-web-browser */;
			targetProxy = F91E694928C6B61700E27F5A /* PBXContainerItemProxy */;
		};
/* End PBXTargetDependency section */

/* Begin PBXVariantGroup section */
		F91E693628C6B61700E27F5A /* LaunchScreen.storyboard */ = {
			isa = PBXVariantGroup;
			children = (
				F91E693728C6B61700E27F5A /* Base */,
			);
			name = LaunchScreen.storyboard;
			sourceTree = "<group>";
		};
/* End PBXVariantGroup section */

/* Begin XCBuildConfiguration section */
		F91E695028C6B61700E27F5A /* Debug */ = {
			isa = XCBuildConfiguration;
			buildSettings = {
				ALWAYS_SEARCH_USER_PATHS = NO;
				CLANG_ANALYZER_NONNULL = YES;
				CLANG_ANALYZER_NUMBER_OBJECT_CONVERSION = YES_AGGRESSIVE;
				CLANG_CXX_LANGUAGE_STANDARD = "gnu++17";
				CLANG_ENABLE_MODULES = YES;
				CLANG_ENABLE_OBJC_ARC = YES;
				CLANG_ENABLE_OBJC_WEAK = YES;
				CLANG_WARN_BLOCK_CAPTURE_AUTORELEASING = YES;
				CLANG_WARN_BOOL_CONVERSION = YES;
				CLANG_WARN_COMMA = YES;
				CLANG_WARN_CONSTANT_CONVERSION = YES;
				CLANG_WARN_DEPRECATED_OBJC_IMPLEMENTATIONS = YES;
				CLANG_WARN_DIRECT_OBJC_ISA_USAGE = YES_ERROR;
				CLANG_WARN_DOCUMENTATION_COMMENTS = YES;
				CLANG_WARN_EMPTY_BODY = YES;
				CLANG_WARN_ENUM_CONVERSION = YES;
				CLANG_WARN_INFINITE_RECURSION = YES;
				CLANG_WARN_INT_CONVERSION = YES;
				CLANG_WARN_NON_LITERAL_NULL_CONVERSION = YES;
				CLANG_WARN_OBJC_IMPLICIT_RETAIN_SELF = YES;
				CLANG_WARN_OBJC_LITERAL_CONVERSION = YES;
				CLANG_WARN_OBJC_ROOT_CLASS = YES_ERROR;
				CLANG_WARN_QUOTED_INCLUDE_IN_FRAMEWORK_HEADER = YES;
				CLANG_WARN_RANGE_LOOP_ANALYSIS = YES;
				CLANG_WARN_STRICT_PROTOTYPES = YES;
				CLANG_WARN_SUSPICIOUS_MOVE = YES;
				CLANG_WARN_UNGUARDED_AVAILABILITY = YES_AGGRESSIVE;
				CLANG_WARN_UNREACHABLE_CODE = YES;
				CLANG_WARN__DUPLICATE_METHOD_MATCH = YES;
				COPY_PHASE_STRIP = NO;
				DEBUG_INFORMATION_FORMAT = dwarf;
				ENABLE_STRICT_OBJC_MSGSEND = YES;
				ENABLE_TESTABILITY = YES;
				GCC_C_LANGUAGE_STANDARD = gnu11;
				GCC_DYNAMIC_NO_PIC = NO;
				GCC_NO_COMMON_BLOCKS = YES;
				GCC_OPTIMIZATION_LEVEL = 0;
				GCC_PREPROCESSOR_DEFINITIONS = (
					"DEBUG=1",
					"$(inherited)",
				);
				GCC_WARN_64_TO_32_BIT_CONVERSION = YES;
				GCC_WARN_ABOUT_RETURN_TYPE = YES_ERROR;
				GCC_WARN_UNDECLARED_SELECTOR = YES;
				GCC_WARN_UNINITIALIZED_AUTOS = YES_AGGRESSIVE;
				GCC_WARN_UNUSED_FUNCTION = YES;
				GCC_WARN_UNUSED_VARIABLE = YES;
				IPHONEOS_DEPLOYMENT_TARGET = 15.5;
				MTL_ENABLE_DEBUG_INFO = INCLUDE_SOURCE;
				MTL_FAST_MATH = YES;
				ONLY_ACTIVE_ARCH = YES;
				SDKROOT = iphoneos;
				SWIFT_ACTIVE_COMPILATION_CONDITIONS = DEBUG;
				SWIFT_OPTIMIZATION_LEVEL = "-Onone";
			};
			name = Debug;
		};
		F91E695128C6B61700E27F5A /* Release */ = {
			isa = XCBuildConfiguration;
			buildSettings = {
				ALWAYS_SEARCH_USER_PATHS = NO;
				CLANG_ANALYZER_NONNULL = YES;
				CLANG_ANALYZER_NUMBER_OBJECT_CONVERSION = YES_AGGRESSIVE;
				CLANG_CXX_LANGUAGE_STANDARD = "gnu++17";
				CLANG_ENABLE_MODULES = YES;
				CLANG_ENABLE_OBJC_ARC = YES;
				CLANG_ENABLE_OBJC_WEAK = YES;
				CLANG_WARN_BLOCK_CAPTURE_AUTORELEASING = YES;
				CLANG_WARN_BOOL_CONVERSION = YES;
				CLANG_WARN_COMMA = YES;
				CLANG_WARN_CONSTANT_CONVERSION = YES;
				CLANG_WARN_DEPRECATED_OBJC_IMPLEMENTATIONS = YES;
				CLANG_WARN_DIRECT_OBJC_ISA_USAGE = YES_ERROR;
				CLANG_WARN_DOCUMENTATION_COMMENTS = YES;
				CLANG_WARN_EMPTY_BODY = YES;
				CLANG_WARN_ENUM_CONVERSION = YES;
				CLANG_WARN_INFINITE_RECURSION = YES;
				CLANG_WARN_INT_CONVERSION = YES;
				CLANG_WARN_NON_LITERAL_NULL_CONVERSION = YES;
				CLANG_WARN_OBJC_IMPLICIT_RETAIN_SELF = YES;
				CLANG_WARN_OBJC_LITERAL_CONVERSION = YES;
				CLANG_WARN_OBJC_ROOT_CLASS = YES_ERROR;
				CLANG_WARN_QUOTED_INCLUDE_IN_FRAMEWORK_HEADER = YES;
				CLANG_WARN_RANGE_LOOP_ANALYSIS = YES;
				CLANG_WARN_STRICT_PROTOTYPES = YES;
				CLANG_WARN_SUSPICIOUS_MOVE = YES;
				CLANG_WARN_UNGUARDED_AVAILABILITY = YES_AGGRESSIVE;
				CLANG_WARN_UNREACHABLE_CODE = YES;
				CLANG_WARN__DUPLICATE_METHOD_MATCH = YES;
				COPY_PHASE_STRIP = NO;
				DEBUG_INFORMATION_FORMAT = "dwarf-with-dsym";
				ENABLE_NS_ASSERTIONS = NO;
				ENABLE_STRICT_OBJC_MSGSEND = YES;
				GCC_C_LANGUAGE_STANDARD = gnu11;
				GCC_NO_COMMON_BLOCKS = YES;
				GCC_WARN_64_TO_32_BIT_CONVERSION = YES;
				GCC_WARN_ABOUT_RETURN_TYPE = YES_ERROR;
				GCC_WARN_UNDECLARED_SELECTOR = YES;
				GCC_WARN_UNINITIALIZED_AUTOS = YES_AGGRESSIVE;
				GCC_WARN_UNUSED_FUNCTION = YES;
				GCC_WARN_UNUSED_VARIABLE = YES;
				IPHONEOS_DEPLOYMENT_TARGET = 15.5;
				MTL_ENABLE_DEBUG_INFO = NO;
				MTL_FAST_MATH = YES;
				SDKROOT = iphoneos;
				SWIFT_COMPILATION_MODE = wholemodule;
				SWIFT_OPTIMIZATION_LEVEL = "-O";
				VALIDATE_PRODUCT = YES;
			};
			name = Release;
		};
		F91E695328C6B61700E27F5A /* Debug */ = {
			isa = XCBuildConfiguration;
			buildSettings = {
				ASSETCATALOG_COMPILER_APPICON_NAME = AppIcon;
				ASSETCATALOG_COMPILER_GLOBAL_ACCENT_COLOR_NAME = AccentColor;
				CODE_SIGN_STYLE = Automatic;
				CURRENT_PROJECT_VERSION = 1;
				GENERATE_INFOPLIST_FILE = YES;
				INFOPLIST_FILE = "ios-web-browser/Info.plist";
				INFOPLIST_KEY_UIApplicationSupportsIndirectInputEvents = YES;
				INFOPLIST_KEY_UILaunchStoryboardName = LaunchScreen;
				INFOPLIST_KEY_UISupportedInterfaceOrientations_iPad = "UIInterfaceOrientationPortrait UIInterfaceOrientationPortraitUpsideDown UIInterfaceOrientationLandscapeLeft UIInterfaceOrientationLandscapeRight";
				INFOPLIST_KEY_UISupportedInterfaceOrientations_iPhone = "UIInterfaceOrientationPortrait UIInterfaceOrientationLandscapeLeft UIInterfaceOrientationLandscapeRight";
				LD_RUNPATH_SEARCH_PATHS = (
					"$(inherited)",
					"@executable_path/Frameworks",
				);
				MARKETING_VERSION = 1.0;
				PRODUCT_BUNDLE_IDENTIFIER = "mauricio-maniglia.ios-web-browser";
				PRODUCT_NAME = "$(TARGET_NAME)";
				SWIFT_EMIT_LOC_STRINGS = YES;
				SWIFT_VERSION = 5.0;
				TARGETED_DEVICE_FAMILY = "1,2";
			};
			name = Debug;
		};
		F91E695428C6B61700E27F5A /* Release */ = {
			isa = XCBuildConfiguration;
			buildSettings = {
				ASSETCATALOG_COMPILER_APPICON_NAME = AppIcon;
				ASSETCATALOG_COMPILER_GLOBAL_ACCENT_COLOR_NAME = AccentColor;
				CODE_SIGN_STYLE = Automatic;
				CURRENT_PROJECT_VERSION = 1;
				GENERATE_INFOPLIST_FILE = YES;
				INFOPLIST_FILE = "ios-web-browser/Info.plist";
				INFOPLIST_KEY_UIApplicationSupportsIndirectInputEvents = YES;
				INFOPLIST_KEY_UILaunchStoryboardName = LaunchScreen;
				INFOPLIST_KEY_UISupportedInterfaceOrientations_iPad = "UIInterfaceOrientationPortrait UIInterfaceOrientationPortraitUpsideDown UIInterfaceOrientationLandscapeLeft UIInterfaceOrientationLandscapeRight";
				INFOPLIST_KEY_UISupportedInterfaceOrientations_iPhone = "UIInterfaceOrientationPortrait UIInterfaceOrientationLandscapeLeft UIInterfaceOrientationLandscapeRight";
				LD_RUNPATH_SEARCH_PATHS = (
					"$(inherited)",
					"@executable_path/Frameworks",
				);
				MARKETING_VERSION = 1.0;
				PRODUCT_BUNDLE_IDENTIFIER = "mauricio-maniglia.ios-web-browser";
				PRODUCT_NAME = "$(TARGET_NAME)";
				SWIFT_EMIT_LOC_STRINGS = YES;
				SWIFT_VERSION = 5.0;
				TARGETED_DEVICE_FAMILY = "1,2";
			};
			name = Release;
		};
		F91E695628C6B61700E27F5A /* Debug */ = {
			isa = XCBuildConfiguration;
			buildSettings = {
				ALWAYS_EMBED_SWIFT_STANDARD_LIBRARIES = YES;
				BUNDLE_LOADER = "$(TEST_HOST)";
				CODE_SIGN_STYLE = Automatic;
				CURRENT_PROJECT_VERSION = 1;
				GENERATE_INFOPLIST_FILE = YES;
				IPHONEOS_DEPLOYMENT_TARGET = 15.5;
				MARKETING_VERSION = 1.0;
				PRODUCT_BUNDLE_IDENTIFIER = "mauricio-maniglia.ios-web-browserTests";
				PRODUCT_NAME = "$(TARGET_NAME)";
				SWIFT_EMIT_LOC_STRINGS = NO;
				SWIFT_VERSION = 5.0;
				TARGETED_DEVICE_FAMILY = "1,2";
				TEST_HOST = "$(BUILT_PRODUCTS_DIR)/ios-web-browser.app/ios-web-browser";
			};
			name = Debug;
		};
		F91E695728C6B61700E27F5A /* Release */ = {
			isa = XCBuildConfiguration;
			buildSettings = {
				ALWAYS_EMBED_SWIFT_STANDARD_LIBRARIES = YES;
				BUNDLE_LOADER = "$(TEST_HOST)";
				CODE_SIGN_STYLE = Automatic;
				CURRENT_PROJECT_VERSION = 1;
				GENERATE_INFOPLIST_FILE = YES;
				IPHONEOS_DEPLOYMENT_TARGET = 15.5;
				MARKETING_VERSION = 1.0;
				PRODUCT_BUNDLE_IDENTIFIER = "mauricio-maniglia.ios-web-browserTests";
				PRODUCT_NAME = "$(TARGET_NAME)";
				SWIFT_EMIT_LOC_STRINGS = NO;
				SWIFT_VERSION = 5.0;
				TARGETED_DEVICE_FAMILY = "1,2";
				TEST_HOST = "$(BUILT_PRODUCTS_DIR)/ios-web-browser.app/ios-web-browser";
			};
			name = Release;
		};
		F91E695928C6B61700E27F5A /* Debug */ = {
			isa = XCBuildConfiguration;
			buildSettings = {
				ALWAYS_EMBED_SWIFT_STANDARD_LIBRARIES = YES;
				CODE_SIGN_STYLE = Automatic;
				CURRENT_PROJECT_VERSION = 1;
				GENERATE_INFOPLIST_FILE = YES;
				MARKETING_VERSION = 1.0;
				PRODUCT_BUNDLE_IDENTIFIER = "mauricio-maniglia.ios-web-browserUITests";
				PRODUCT_NAME = "$(TARGET_NAME)";
				SWIFT_EMIT_LOC_STRINGS = NO;
				SWIFT_VERSION = 5.0;
				TARGETED_DEVICE_FAMILY = "1,2";
				TEST_TARGET_NAME = "ios-web-browser";
			};
			name = Debug;
		};
		F91E695A28C6B61700E27F5A /* Release */ = {
			isa = XCBuildConfiguration;
			buildSettings = {
				ALWAYS_EMBED_SWIFT_STANDARD_LIBRARIES = YES;
				CODE_SIGN_STYLE = Automatic;
				CURRENT_PROJECT_VERSION = 1;
				GENERATE_INFOPLIST_FILE = YES;
				MARKETING_VERSION = 1.0;
				PRODUCT_BUNDLE_IDENTIFIER = "mauricio-maniglia.ios-web-browserUITests";
				PRODUCT_NAME = "$(TARGET_NAME)";
				SWIFT_EMIT_LOC_STRINGS = NO;
				SWIFT_VERSION = 5.0;
				TARGETED_DEVICE_FAMILY = "1,2";
				TEST_TARGET_NAME = "ios-web-browser";
			};
			name = Release;
		};
/* End XCBuildConfiguration section */

/* Begin XCConfigurationList section */
		F91E692328C6B61500E27F5A /* Build configuration list for PBXProject "ios-web-browser" */ = {
			isa = XCConfigurationList;
			buildConfigurations = (
				F91E695028C6B61700E27F5A /* Debug */,
				F91E695128C6B61700E27F5A /* Release */,
			);
			defaultConfigurationIsVisible = 0;
			defaultConfigurationName = Release;
		};
		F91E695228C6B61700E27F5A /* Build configuration list for PBXNativeTarget "ios-web-browser" */ = {
			isa = XCConfigurationList;
			buildConfigurations = (
				F91E695328C6B61700E27F5A /* Debug */,
				F91E695428C6B61700E27F5A /* Release */,
			);
			defaultConfigurationIsVisible = 0;
			defaultConfigurationName = Release;
		};
		F91E695528C6B61700E27F5A /* Build configuration list for PBXNativeTarget "ios-web-browserTests" */ = {
			isa = XCConfigurationList;
			buildConfigurations = (
				F91E695628C6B61700E27F5A /* Debug */,
				F91E695728C6B61700E27F5A /* Release */,
			);
			defaultConfigurationIsVisible = 0;
			defaultConfigurationName = Release;
		};
		F91E695828C6B61700E27F5A /* Build configuration list for PBXNativeTarget "ios-web-browserUITests" */ = {
			isa = XCConfigurationList;
			buildConfigurations = (
				F91E695928C6B61700E27F5A /* Debug */,
				F91E695A28C6B61700E27F5A /* Release */,
			);
			defaultConfigurationIsVisible = 0;
			defaultConfigurationName = Release;
		};
/* End XCConfigurationList section */

/* Begin XCRemoteSwiftPackageReference section */
		F976087729D8EC9300C603AB /* XCRemoteSwiftPackageReference "core-web-browser" */ = {
			isa = XCRemoteSwiftPackageReference;
			repositoryURL = "git@github.com:mauriciomaniglia/core-web-browser.git";
			requirement = {
				branch = main;
				kind = branch;
			};
		};
/* End XCRemoteSwiftPackageReference section */

/* Begin XCSwiftPackageProductDependency section */
		F976087829D8EC9300C603AB /* core-web-browser */ = {
			isa = XCSwiftPackageProductDependency;
			package = F976087729D8EC9300C603AB /* XCRemoteSwiftPackageReference "core-web-browser" */;
			productName = "core-web-browser";
		};
/* End XCSwiftPackageProductDependency section */
	};
	rootObject = F91E692028C6B61500E27F5A /* Project object */;
}
